
Microsoft Visual Studio Solution File, Format Version 12.00
#
Project("{FAE04EC0-301F-11D3-BF4B-00C04F79EFBC}") = "PhpieSdk", "PhpieSdk.csproj", "{2EC6F659-3103-45F3-8E84-CF419FB47A43}"
EndProject
Project("{FAE04EC0-301F-11D3-BF4B-00C04F79EFBC}") = "PhpieSdk.Library", "E:\Godot4\Godot\GDProject\Packages\PhpieSdk.Library\PhpieSdk.Library.csproj", "{715D6D96-274D-4919-9228-C20437A5174E}"
EndProject
Global
	GlobalSection(SolutionConfigurationPlatforms) = preSolution
		Debug|Any CPU = Debug|Any CPU
		Release|Any CPU = Release|Any CPU
	EndGlobalSection
	GlobalSection(ProjectConfigurationPlatforms) = postSolution
		{2EC6F659-3103-45F3-8E84-CF419FB47A43}.Debug|Any CPU.ActiveCfg = Debug|Any CPU
		{2EC6F659-3103-45F3-8E84-CF419FB47A43}.Debug|Any CPU.Build.0 = Debug|Any CPU
		{2EC6F659-3103-45F3-8E84-CF419FB47A43}.Release|Any CPU.ActiveCfg = Debug|Any CPU
		{2EC6F659-3103-45F3-8E84-CF419FB47A43}.Release|Any CPU.Build.0 = Debug|Any CPU
		{715D6D96-274D-4919-9228-C20437A5174E}.Debug|Any CPU.ActiveCfg = Debug|Any CPU
		{715D6D96-274D-4919-9228-C20437A5174E}.Debug|Any CPU.Build.0 = Debug|Any CPU
		{715D6D96-274D-4919-9228-C20437A5174E}.Release|Any CPU.ActiveCfg = Debug|Any CPU
		{715D6D96-274D-4919-9228-C20437A5174E}.Release|Any CPU.Build.0 = Debug|Any CPU
	EndGlobalSection
	GlobalSection(NestedProjects) = preSolution
	EndGlobalSection
EndGlobal
