
Microsoft Visual Studio Solution File, Format Version 12.00
#
Project("{2150E333-8FDC-42A3-9474-1A3956D46DE8}") = "e:", "e:\", "{51C71008-393F-42C8-9780-38E2FE4DB7EA}"
EndProject
Project("{2150E333-8FDC-42A3-9474-1A3956D46DE8}") = "Godot4", "Godot4", "{F1B64C5F-AE27-48A7-9D7C-2E1BB8CBA014}"
EndProject
Project("{2150E333-8FDC-42A3-9474-1A3956D46DE8}") = "Godot", "Godot", "{7EFD8FA6-E11F-4C5A-85D8-6B58C2C507B6}"
EndProject
Project("{2150E333-8FDC-42A3-9474-1A3956D46DE8}") = "GDProject", "GDProject", "{0ECE04C6-7BA3-4B3F-A12E-CF18B933C75C}"
EndProject
Project("{2150E333-8FDC-42A3-9474-1A3956D46DE8}") = "Packages", "Packages", "{2B99001E-524F-40AC-88EB-5764C6B9A798}"
EndProject
Project("{FAE04EC0-301F-11D3-BF4B-00C04F79EFBC}") = "PhpieSdk.Library", "e:\Godot4\Godot\GDProject\Packages\PhpieSdk.Library\PhpieSdk.Library.csproj", "{694F9E72-A656-418A-A40B-A662D20480E2}"
EndProject
Project("{FAE04EC0-301F-11D3-BF4B-00C04F79EFBC}") = "PhpieSdk", "PhpieSdk.csproj", "{885A9F43-DE5D-4CC8-B86E-C9411AEFFAF9}"
EndProject
Global
	GlobalSection(SolutionConfigurationPlatforms) = preSolution
		Debug|Any CPU = Debug|Any CPU
		Release|Any CPU = Release|Any CPU
	EndGlobalSection
	GlobalSection(ProjectConfigurationPlatforms) = postSolution
		{694F9E72-A656-418A-A40B-A662D20480E2}.Debug|Any CPU.ActiveCfg = Debug|Any CPU
		{694F9E72-A656-418A-A40B-A662D20480E2}.Debug|Any CPU.Build.0 = Debug|Any CPU
		{694F9E72-A656-418A-A40B-A662D20480E2}.Release|Any CPU.ActiveCfg = Debug|Any CPU
		{694F9E72-A656-418A-A40B-A662D20480E2}.Release|Any CPU.Build.0 = Debug|Any CPU
		{885A9F43-DE5D-4CC8-B86E-C9411AEFFAF9}.Debug|Any CPU.ActiveCfg = Debug|Any CPU
		{885A9F43-DE5D-4CC8-B86E-C9411AEFFAF9}.Debug|Any CPU.Build.0 = Debug|Any CPU
		{885A9F43-DE5D-4CC8-B86E-C9411AEFFAF9}.Release|Any CPU.ActiveCfg = Debug|Any CPU
		{885A9F43-DE5D-4CC8-B86E-C9411AEFFAF9}.Release|Any CPU.Build.0 = Debug|Any CPU
	EndGlobalSection
	GlobalSection(NestedProjects) = preSolution
		{F1B64C5F-AE27-48A7-9D7C-2E1BB8CBA014} = {51C71008-393F-42C8-9780-38E2FE4DB7EA}
		{7EFD8FA6-E11F-4C5A-85D8-6B58C2C507B6} = {F1B64C5F-AE27-48A7-9D7C-2E1BB8CBA014}
		{0ECE04C6-7BA3-4B3F-A12E-CF18B933C75C} = {7EFD8FA6-E11F-4C5A-85D8-6B58C2C507B6}
		{2B99001E-524F-40AC-88EB-5764C6B9A798} = {0ECE04C6-7BA3-4B3F-A12E-CF18B933C75C}
		{694F9E72-A656-418A-A40B-A662D20480E2} = {2B99001E-524F-40AC-88EB-5764C6B9A798}
	EndGlobalSection
EndGlobal
