
Microsoft Visual Studio Solution File, Format Version 12.00
# 
Project("{FAE04EC0-301F-11D3-BF4B-00C04F79EFBC}") = "SharpieSdk", "SharpieSdk.csproj", "{06F8EBA9-DAB7-4C5B-A11E-2793B81403BB}"
EndProject
Project("{FAE04EC0-301F-11D3-BF4B-00C04F79EFBC}") = "SharpieSdk.Library", "..\..\Packages\SharpieSdk.Library\SharpieSdk.Library.csproj", "{EAC6E65A-46E4-4D55-848B-BE0713D7F3D0}"
EndProject
Global
	GlobalSection(SolutionConfigurationPlatforms) = preSolution
		Debug|Any CPU = Debug|Any CPU
		Release|Any CPU = Release|Any CPU
	EndGlobalSection
	GlobalSection(ProjectConfigurationPlatforms) = postSolution
		{06F8EBA9-DAB7-4C5B-A11E-2793B81403BB}.Debug|Any CPU.ActiveCfg = Debug|Any CPU
		{06F8EBA9-DAB7-4C5B-A11E-2793B81403BB}.Debug|Any CPU.Build.0 = Debug|Any CPU
		{06F8EBA9-DAB7-4C5B-A11E-2793B81403BB}.Release|Any CPU.ActiveCfg = Release|Any CPU
		{06F8EBA9-DAB7-4C5B-A11E-2793B81403BB}.Release|Any CPU.Build.0 = Release|Any CPU
		{EAC6E65A-46E4-4D55-848B-BE0713D7F3D0}.Debug|Any CPU.ActiveCfg = Debug|Any CPU
		{EAC6E65A-46E4-4D55-848B-BE0713D7F3D0}.Debug|Any CPU.Build.0 = Debug|Any CPU
		{EAC6E65A-46E4-4D55-848B-BE0713D7F3D0}.Release|Any CPU.ActiveCfg = Debug|Any CPU
		{EAC6E65A-46E4-4D55-848B-BE0713D7F3D0}.Release|Any CPU.Build.0 = Debug|Any CPU
	EndGlobalSection
EndGlobal
